// !$*UTF8*$!
{
	archiveVersion = 1;
	classes = {
	};
	objectVersion = 50;
	objects = {

/* Begin PBXBuildFile section */
		3FE1F875270CA46500DEFFA4 /* Word_PlayApp.swift in Sources */ = {isa = PBXBuildFile; fileRef = 3FE1F874270CA46500DEFFA4 /* Word_PlayApp.swift */; };
		3FE1F877270CA46500DEFFA4 /* ContentView.swift in Sources */ = {isa = PBXBuildFile; fileRef = 3FE1F876270CA46500DEFFA4 /* ContentView.swift */; };
		3FE1F879270CA47100DEFFA4 /* Assets.xcassets in Resources */ = {isa = PBXBuildFile; fileRef = 3FE1F878270CA47100DEFFA4 /* Assets.xcassets */; };
		3FE1F87C270CA47100DEFFA4 /* Preview Assets.xcassets in Resources */ = {isa = PBXBuildFile; fileRef = 3FE1F87B270CA47100DEFFA4 /* Preview Assets.xcassets */; };
		3FE1F887270CA47200DEFFA4 /* Word_PlayTests.swift in Sources */ = {isa = PBXBuildFile; fileRef = 3FE1F886270CA47200DEFFA4 /* Word_PlayTests.swift */; };
		3FE1F892270CA47200DEFFA4 /* Word_PlayUITests.swift in Sources */ = {isa = PBXBuildFile; fileRef = 3FE1F891270CA47200DEFFA4 /* Word_PlayUITests.swift */; };
		3FE1F8A0270CADD500DEFFA4 /* StoryView.swift in Sources */ = {isa = PBXBuildFile; fileRef = 3FE1F89F270CADD500DEFFA4 /* StoryView.swift */; };
/* End PBXBuildFile section */

/* Begin PBXContainerItemProxy section */
		3FE1F883270CA47200DEFFA4 /* PBXContainerItemProxy */ = {
			isa = PBXContainerItemProxy;
			containerPortal = 3FE1F869270CA46500DEFFA4 /* Project object */;
			proxyType = 1;
			remoteGlobalIDString = 3FE1F870270CA46500DEFFA4;
			remoteInfo = "Word Play";
		};
		3FE1F88E270CA47200DEFFA4 /* PBXContainerItemProxy */ = {
			isa = PBXContainerItemProxy;
			containerPortal = 3FE1F869270CA46500DEFFA4 /* Project object */;
			proxyType = 1;
			remoteGlobalIDString = 3FE1F870270CA46500DEFFA4;
			remoteInfo = "Word Play";
		};
/* End PBXContainerItemProxy section */

/* Begin PBXFileReference section */
		3FE1F871270CA46500DEFFA4 /* Word Play.app */ = {isa = PBXFileReference; explicitFileType = wrapper.application; includeInIndex = 0; path = "Word Play.app"; sourceTree = BUILT_PRODUCTS_DIR; };
		3FE1F874270CA46500DEFFA4 /* Word_PlayApp.swift */ = {isa = PBXFileReference; lastKnownFileType = sourcecode.swift; path = Word_PlayApp.swift; sourceTree = "<group>"; };
		3FE1F876270CA46500DEFFA4 /* ContentView.swift */ = {isa = PBXFileReference; lastKnownFileType = sourcecode.swift; path = ContentView.swift; sourceTree = "<group>"; };
		3FE1F878270CA47100DEFFA4 /* Assets.xcassets */ = {isa = PBXFileReference; lastKnownFileType = folder.assetcatalog; path = Assets.xcassets; sourceTree = "<group>"; };
		3FE1F87B270CA47100DEFFA4 /* Preview Assets.xcassets */ = {isa = PBXFileReference; lastKnownFileType = folder.assetcatalog; path = "Preview Assets.xcassets"; sourceTree = "<group>"; };
		3FE1F87D270CA47100DEFFA4 /* Info.plist */ = {isa = PBXFileReference; lastKnownFileType = text.plist.xml; path = Info.plist; sourceTree = "<group>"; };
		3FE1F882270CA47200DEFFA4 /* Word PlayTests.xctest */ = {isa = PBXFileReference; explicitFileType = wrapper.cfbundle; includeInIndex = 0; path = "Word PlayTests.xctest"; sourceTree = BUILT_PRODUCTS_DIR; };
		3FE1F886270CA47200DEFFA4 /* Word_PlayTests.swift */ = {isa = PBXFileReference; lastKnownFileType = sourcecode.swift; path = Word_PlayTests.swift; sourceTree = "<group>"; };
		3FE1F888270CA47200DEFFA4 /* Info.plist */ = {isa = PBXFileReference; lastKnownFileType = text.plist.xml; path = Info.plist; sourceTree = "<group>"; };
		3FE1F88D270CA47200DEFFA4 /* Word PlayUITests.xctest */ = {isa = PBXFileReference; explicitFileType = wrapper.cfbundle; includeInIndex = 0; path = "Word PlayUITests.xctest"; sourceTree = BUILT_PRODUCTS_DIR; };
		3FE1F891270CA47200DEFFA4 /* Word_PlayUITests.swift */ = {isa = PBXFileReference; lastKnownFileType = sourcecode.swift; path = Word_PlayUITests.swift; sourceTree = "<group>"; };
		3FE1F893270CA47200DEFFA4 /* Info.plist */ = {isa = PBXFileReference; lastKnownFileType = text.plist.xml; path = Info.plist; sourceTree = "<group>"; };
		3FE1F89F270CADD500DEFFA4 /* StoryView.swift */ = {isa = PBXFileReference; lastKnownFileType = sourcecode.swift; path = StoryView.swift; sourceTree = "<group>"; };
/* End PBXFileReference section */

/* Begin PBXFrameworksBuildPhase section */
		3FE1F86E270CA46500DEFFA4 /* Frameworks */ = {
			isa = PBXFrameworksBuildPhase;
			buildActionMask = 2147483647;
			files = (
			);
			runOnlyForDeploymentPostprocessing = 0;
		};
		3FE1F87F270CA47200DEFFA4 /* Frameworks */ = {
			isa = PBXFrameworksBuildPhase;
			buildActionMask = 2147483647;
			files = (
			);
			runOnlyForDeploymentPostprocessing = 0;
		};
		3FE1F88A270CA47200DEFFA4 /* Frameworks */ = {
			isa = PBXFrameworksBuildPhase;
			buildActionMask = 2147483647;
			files = (
			);
			runOnlyForDeploymentPostprocessing = 0;
		};
/* End PBXFrameworksBuildPhase section */

/* Begin PBXGroup section */
		3FE1F868270CA46500DEFFA4 = {
			isa = PBXGroup;
			children = (
				3FE1F873270CA46500DEFFA4 /* Word Play */,
				3FE1F885270CA47200DEFFA4 /* Word PlayTests */,
				3FE1F890270CA47200DEFFA4 /* Word PlayUITests */,
				3FE1F872270CA46500DEFFA4 /* Products */,
			);
			sourceTree = "<group>";
		};
		3FE1F872270CA46500DEFFA4 /* Products */ = {
			isa = PBXGroup;
			children = (
				3FE1F871270CA46500DEFFA4 /* Word Play.app */,
				3FE1F882270CA47200DEFFA4 /* Word PlayTests.xctest */,
				3FE1F88D270CA47200DEFFA4 /* Word PlayUITests.xctest */,
			);
			name = Products;
			sourceTree = "<group>";
		};
		3FE1F873270CA46500DEFFA4 /* Word Play */ = {
			isa = PBXGroup;
			children = (
				3FE1F874270CA46500DEFFA4 /* Word_PlayApp.swift */,
				3FE1F876270CA46500DEFFA4 /* ContentView.swift */,
				3FE1F89F270CADD500DEFFA4 /* StoryView.swift */,
				3FE1F878270CA47100DEFFA4 /* Assets.xcassets */,
				3FE1F87D270CA47100DEFFA4 /* Info.plist */,
				3FE1F87A270CA47100DEFFA4 /* Preview Content */,
			);
			path = "Word Play";
			sourceTree = "<group>";
		};
		3FE1F87A270CA47100DEFFA4 /* Preview Content */ = {
			isa = PBXGroup;
			children = (
				3FE1F87B270CA47100DEFFA4 /* Preview Assets.xcassets */,
			);
			path = "Preview Content";
			sourceTree = "<group>";
		};
		3FE1F885270CA47200DEFFA4 /* Word PlayTests */ = {
			isa = PBXGroup;
			children = (
				3FE1F886270CA47200DEFFA4 /* Word_PlayTests.swift */,
				3FE1F888270CA47200DEFFA4 /* Info.plist */,
			);
			path = "Word PlayTests";
			sourceTree = "<group>";
		};
		3FE1F890270CA47200DEFFA4 /* Word PlayUITests */ = {
			isa = PBXGroup;
			children = (
				3FE1F891270CA47200DEFFA4 /* Word_PlayUITests.swift */,
				3FE1F893270CA47200DEFFA4 /* Info.plist */,
			);
			path = "Word PlayUITests";
			sourceTree = "<group>";
		};
/* End PBXGroup section */

/* Begin PBXNativeTarget section */
		3FE1F870270CA46500DEFFA4 /* Word Play */ = {
			isa = PBXNativeTarget;
			buildConfigurationList = 3FE1F896270CA47200DEFFA4 /* Build configuration list for PBXNativeTarget "Word Play" */;
			buildPhases = (
				3FE1F86D270CA46500DEFFA4 /* Sources */,
				3FE1F86E270CA46500DEFFA4 /* Frameworks */,
				3FE1F86F270CA46500DEFFA4 /* Resources */,
			);
			buildRules = (
			);
			dependencies = (
			);
			name = "Word Play";
			productName = "Word Play";
			productReference = 3FE1F871270CA46500DEFFA4 /* Word Play.app */;
			productType = "com.apple.product-type.application";
		};
		3FE1F881270CA47200DEFFA4 /* Word PlayTests */ = {
			isa = PBXNativeTarget;
			buildConfigurationList = 3FE1F899270CA47200DEFFA4 /* Build configuration list for PBXNativeTarget "Word PlayTests" */;
			buildPhases = (
				3FE1F87E270CA47200DEFFA4 /* Sources */,
				3FE1F87F270CA47200DEFFA4 /* Frameworks */,
				3FE1F880270CA47200DEFFA4 /* Resources */,
			);
			buildRules = (
			);
			dependencies = (
				3FE1F884270CA47200DEFFA4 /* PBXTargetDependency */,
			);
			name = "Word PlayTests";
			productName = "Word PlayTests";
			productReference = 3FE1F882270CA47200DEFFA4 /* Word PlayTests.xctest */;
			productType = "com.apple.product-type.bundle.unit-test";
		};
		3FE1F88C270CA47200DEFFA4 /* Word PlayUITests */ = {
			isa = PBXNativeTarget;
			buildConfigurationList = 3FE1F89C270CA47200DEFFA4 /* Build configuration list for PBXNativeTarget "Word PlayUITests" */;
			buildPhases = (
				3FE1F889270CA47200DEFFA4 /* Sources */,
				3FE1F88A270CA47200DEFFA4 /* Frameworks */,
				3FE1F88B270CA47200DEFFA4 /* Resources */,
			);
			buildRules = (
			);
			dependencies = (
				3FE1F88F270CA47200DEFFA4 /* PBXTargetDependency */,
			);
			name = "Word PlayUITests";
			productName = "Word PlayUITests";
			productReference = 3FE1F88D270CA47200DEFFA4 /* Word PlayUITests.xctest */;
			productType = "com.apple.product-type.bundle.ui-testing";
		};
/* End PBXNativeTarget section */

/* Begin PBXProject section */
		3FE1F869270CA46500DEFFA4 /* Project object */ = {
			isa = PBXProject;
			attributes = {
				LastSwiftUpdateCheck = 1250;
				LastUpgradeCheck = 1250;
				TargetAttributes = {
					3FE1F870270CA46500DEFFA4 = {
						CreatedOnToolsVersion = 12.5.1;
					};
					3FE1F881270CA47200DEFFA4 = {
						CreatedOnToolsVersion = 12.5.1;
						TestTargetID = 3FE1F870270CA46500DEFFA4;
					};
					3FE1F88C270CA47200DEFFA4 = {
						CreatedOnToolsVersion = 12.5.1;
						TestTargetID = 3FE1F870270CA46500DEFFA4;
					};
				};
			};
			buildConfigurationList = 3FE1F86C270CA46500DEFFA4 /* Build configuration list for PBXProject "Word Play" */;
			compatibilityVersion = "Xcode 9.3";
			developmentRegion = en;
			hasScannedForEncodings = 0;
			knownRegions = (
				en,
				Base,
			);
			mainGroup = 3FE1F868270CA46500DEFFA4;
			productRefGroup = 3FE1F872270CA46500DEFFA4 /* Products */;
			projectDirPath = "";
			projectRoot = "";
			targets = (
				3FE1F870270CA46500DEFFA4 /* Word Play */,
				3FE1F881270CA47200DEFFA4 /* Word PlayTests */,
				3FE1F88C270CA47200DEFFA4 /* Word PlayUITests */,
			);
		};
/* End PBXProject section */

/* Begin PBXResourcesBuildPhase section */
		3FE1F86F270CA46500DEFFA4 /* Resources */ = {
			isa = PBXResourcesBuildPhase;
			buildActionMask = 2147483647;
			files = (
				3FE1F87C270CA47100DEFFA4 /* Preview Assets.xcassets in Resources */,
				3FE1F879270CA47100DEFFA4 /* Assets.xcassets in Resources */,
			);
			runOnlyForDeploymentPostprocessing = 0;
		};
		3FE1F880270CA47200DEFFA4 /* Resources */ = {
			isa = PBXResourcesBuildPhase;
			buildActionMask = 2147483647;
			files = (
			);
			runOnlyForDeploymentPostprocessing = 0;
		};
		3FE1F88B270CA47200DEFFA4 /* Resources */ = {
			isa = PBXResourcesBuildPhase;
			buildActionMask = 2147483647;
			files = (
			);
			runOnlyForDeploymentPostprocessing = 0;
		};
/* End PBXResourcesBuildPhase section */

/* Begin PBXSourcesBuildPhase section */
		3FE1F86D270CA46500DEFFA4 /* Sources */ = {
			isa = PBXSourcesBuildPhase;
			buildActionMask = 2147483647;
			files = (
				3FE1F8A0270CADD500DEFFA4 /* StoryView.swift in Sources */,
				3FE1F877270CA46500DEFFA4 /* ContentView.swift in Sources */,
				3FE1F875270CA46500DEFFA4 /* Word_PlayApp.swift in Sources */,
			);
			runOnlyForDeploymentPostprocessing = 0;
		};
		3FE1F87E270CA47200DEFFA4 /* Sources */ = {
			isa = PBXSourcesBuildPhase;
			buildActionMask = 2147483647;
			files = (
				3FE1F887270CA47200DEFFA4 /* Word_PlayTests.swift in Sources */,
			);
			runOnlyForDeploymentPostprocessing = 0;
		};
		3FE1F889270CA47200DEFFA4 /* Sources */ = {
			isa = PBXSourcesBuildPhase;
			buildActionMask = 2147483647;
			files = (
				3FE1F892270CA47200DEFFA4 /* Word_PlayUITests.swift in Sources */,
			);
			runOnlyForDeploymentPostprocessing = 0;
		};
/* End PBXSourcesBuildPhase section */

/* Begin PBXTargetDependency section */
		3FE1F884270CA47200DEFFA4 /* PBXTargetDependency */ = {
			isa = PBXTargetDependency;
			target = 3FE1F870270CA46500DEFFA4 /* Word Play */;
			targetProxy = 3FE1F883270CA47200DEFFA4 /* PBXContainerItemProxy */;
		};
		3FE1F88F270CA47200DEFFA4 /* PBXTargetDependency */ = {
			isa = PBXTargetDependency;
			target = 3FE1F870270CA46500DEFFA4 /* Word Play */;
			targetProxy = 3FE1F88E270CA47200DEFFA4 /* PBXContainerItemProxy */;
		};
/* End PBXTargetDependency section */

/* Begin XCBuildConfiguration section */
		3FE1F894270CA47200DEFFA4 /* Debug */ = {
			isa = XCBuildConfiguration;
			buildSettings = {
				ALWAYS_SEARCH_USER_PATHS = NO;
				CLANG_ANALYZER_NONNULL = YES;
				CLANG_ANALYZER_NUMBER_OBJECT_CONVERSION = YES_AGGRESSIVE;
				CLANG_CXX_LANGUAGE_STANDARD = "gnu++14";
				CLANG_CXX_LIBRARY = "libc++";
				CLANG_ENABLE_MODULES = YES;
				CLANG_ENABLE_OBJC_ARC = YES;
				CLANG_ENABLE_OBJC_WEAK = YES;
				CLANG_WARN_BLOCK_CAPTURE_AUTORELEASING = YES;
				CLANG_WARN_BOOL_CONVERSION = YES;
				CLANG_WARN_COMMA = YES;
				CLANG_WARN_CONSTANT_CONVERSION = YES;
				CLANG_WARN_DEPRECATED_OBJC_IMPLEMENTATIONS = YES;
				CLANG_WARN_DIRECT_OBJC_ISA_USAGE = YES_ERROR;
				CLANG_WARN_DOCUMENTATION_COMMENTS = YES;
				CLANG_WARN_EMPTY_BODY = YES;
				CLANG_WARN_ENUM_CONVERSION = YES;
				CLANG_WARN_INFINITE_RECURSION = YES;
				CLANG_WARN_INT_CONVERSION = YES;
				CLANG_WARN_NON_LITERAL_NULL_CONVERSION = YES;
				CLANG_WARN_OBJC_IMPLICIT_RETAIN_SELF = YES;
				CLANG_WARN_OBJC_LITERAL_CONVERSION = YES;
				CLANG_WARN_OBJC_ROOT_CLASS = YES_ERROR;
				CLANG_WARN_QUOTED_INCLUDE_IN_FRAMEWORK_HEADER = YES;
				CLANG_WARN_RANGE_LOOP_ANALYSIS = YES;
				CLANG_WARN_STRICT_PROTOTYPES = YES;
				CLANG_WARN_SUSPICIOUS_MOVE = YES;
				CLANG_WARN_UNGUARDED_AVAILABILITY = YES_AGGRESSIVE;
				CLANG_WARN_UNREACHABLE_CODE = YES;
				CLANG_WARN__DUPLICATE_METHOD_MATCH = YES;
				COPY_PHASE_STRIP = NO;
				DEBUG_INFORMATION_FORMAT = dwarf;
				ENABLE_STRICT_OBJC_MSGSEND = YES;
				ENABLE_TESTABILITY = YES;
				GCC_C_LANGUAGE_STANDARD = gnu11;
				GCC_DYNAMIC_NO_PIC = NO;
				GCC_NO_COMMON_BLOCKS = YES;
				GCC_OPTIMIZATION_LEVEL = 0;
				GCC_PREPROCESSOR_DEFINITIONS = (
					"DEBUG=1",
					"$(inherited)",
				);
				GCC_WARN_64_TO_32_BIT_CONVERSION = YES;
				GCC_WARN_ABOUT_RETURN_TYPE = YES_ERROR;
				GCC_WARN_UNDECLARED_SELECTOR = YES;
				GCC_WARN_UNINITIALIZED_AUTOS = YES_AGGRESSIVE;
				GCC_WARN_UNUSED_FUNCTION = YES;
				GCC_WARN_UNUSED_VARIABLE = YES;
				IPHONEOS_DEPLOYMENT_TARGET = 14.5;
				MTL_ENABLE_DEBUG_INFO = INCLUDE_SOURCE;
				MTL_FAST_MATH = YES;
				ONLY_ACTIVE_ARCH = YES;
				SDKROOT = iphoneos;
				SWIFT_ACTIVE_COMPILATION_CONDITIONS = DEBUG;
				SWIFT_OPTIMIZATION_LEVEL = "-Onone";
			};
			name = Debug;
		};
		3FE1F895270CA47200DEFFA4 /* Release */ = {
			isa = XCBuildConfiguration;
			buildSettings = {
				ALWAYS_SEARCH_USER_PATHS = NO;
				CLANG_ANALYZER_NONNULL = YES;
				CLANG_ANALYZER_NUMBER_OBJECT_CONVERSION = YES_AGGRESSIVE;
				CLANG_CXX_LANGUAGE_STANDARD = "gnu++14";
				CLANG_CXX_LIBRARY = "libc++";
				CLANG_ENABLE_MODULES = YES;
				CLANG_ENABLE_OBJC_ARC = YES;
				CLANG_ENABLE_OBJC_WEAK = YES;
				CLANG_WARN_BLOCK_CAPTURE_AUTORELEASING = YES;
				CLANG_WARN_BOOL_CONVERSION = YES;
				CLANG_WARN_COMMA = YES;
				CLANG_WARN_CONSTANT_CONVERSION = YES;
				CLANG_WARN_DEPRECATED_OBJC_IMPLEMENTATIONS = YES;
				CLANG_WARN_DIRECT_OBJC_ISA_USAGE = YES_ERROR;
				CLANG_WARN_DOCUMENTATION_COMMENTS = YES;
				CLANG_WARN_EMPTY_BODY = YES;
				CLANG_WARN_ENUM_CONVERSION = YES;
				CLANG_WARN_INFINITE_RECURSION = YES;
				CLANG_WARN_INT_CONVERSION = YES;
				CLANG_WARN_NON_LITERAL_NULL_CONVERSION = YES;
				CLANG_WARN_OBJC_IMPLICIT_RETAIN_SELF = YES;
				CLANG_WARN_OBJC_LITERAL_CONVERSION = YES;
				CLANG_WARN_OBJC_ROOT_CLASS = YES_ERROR;
				CLANG_WARN_QUOTED_INCLUDE_IN_FRAMEWORK_HEADER = YES;
				CLANG_WARN_RANGE_LOOP_ANALYSIS = YES;
				CLANG_WARN_STRICT_PROTOTYPES = YES;
				CLANG_WARN_SUSPICIOUS_MOVE = YES;
				CLANG_WARN_UNGUARDED_AVAILABILITY = YES_AGGRESSIVE;
				CLANG_WARN_UNREACHABLE_CODE = YES;
				CLANG_WARN__DUPLICATE_METHOD_MATCH = YES;
				COPY_PHASE_STRIP = NO;
				DEBUG_INFORMATION_FORMAT = "dwarf-with-dsym";
				ENABLE_NS_ASSERTIONS = NO;
				ENABLE_STRICT_OBJC_MSGSEND = YES;
				GCC_C_LANGUAGE_STANDARD = gnu11;
				GCC_NO_COMMON_BLOCKS = YES;
				GCC_WARN_64_TO_32_BIT_CONVERSION = YES;
				GCC_WARN_ABOUT_RETURN_TYPE = YES_ERROR;
				GCC_WARN_UNDECLARED_SELECTOR = YES;
				GCC_WARN_UNINITIALIZED_AUTOS = YES_AGGRESSIVE;
				GCC_WARN_UNUSED_FUNCTION = YES;
				GCC_WARN_UNUSED_VARIABLE = YES;
				IPHONEOS_DEPLOYMENT_TARGET = 14.5;
				MTL_ENABLE_DEBUG_INFO = NO;
				MTL_FAST_MATH = YES;
				SDKROOT = iphoneos;
				SWIFT_COMPILATION_MODE = wholemodule;
				SWIFT_OPTIMIZATION_LEVEL = "-O";
				VALIDATE_PRODUCT = YES;
			};
			name = Release;
		};
		3FE1F897270CA47200DEFFA4 /* Debug */ = {
			isa = XCBuildConfiguration;
			buildSettings = {
				ASSETCATALOG_COMPILER_APPICON_NAME = AppIcon;
				ASSETCATALOG_COMPILER_GLOBAL_ACCENT_COLOR_NAME = AccentColor;
				CODE_SIGN_STYLE = Automatic;
				DEVELOPMENT_ASSET_PATHS = "\"Word Play/Preview Content\"";
				DEVELOPMENT_TEAM = ZLX2F6YDPC;
				ENABLE_PREVIEWS = YES;
				INFOPLIST_FILE = "Word Play/Info.plist";
				IPHONEOS_DEPLOYMENT_TARGET = 14.0;
				LD_RUNPATH_SEARCH_PATHS = (
					"$(inherited)",
					"@executable_path/Frameworks",
				);
				PRODUCT_BUNDLE_IDENTIFIER = "SnowShow.Word-Play";
				PRODUCT_NAME = "$(TARGET_NAME)";
				SWIFT_VERSION = 5.0;
				TARGETED_DEVICE_FAMILY = "1,2";
			};
			name = Debug;
		};
		3FE1F898270CA47200DEFFA4 /* Release */ = {
			isa = XCBuildConfiguration;
			buildSettings = {
				ASSETCATALOG_COMPILER_APPICON_NAME = AppIcon;
				ASSETCATALOG_COMPILER_GLOBAL_ACCENT_COLOR_NAME = AccentColor;
				CODE_SIGN_STYLE = Automatic;
				DEVELOPMENT_ASSET_PATHS = "\"Word Play/Preview Content\"";
				DEVELOPMENT_TEAM = ZLX2F6YDPC;
				ENABLE_PREVIEWS = YES;
				INFOPLIST_FILE = "Word Play/Info.plist";
				IPHONEOS_DEPLOYMENT_TARGET = 14.0;
				LD_RUNPATH_SEARCH_PATHS = (
					"$(inherited)",
					"@executable_path/Frameworks",
				);
				PRODUCT_BUNDLE_IDENTIFIER = "SnowShow.Word-Play";
				PRODUCT_NAME = "$(TARGET_NAME)";
				SWIFT_VERSION = 5.0;
				TARGETED_DEVICE_FAMILY = "1,2";
			};
			name = Release;
		};
		3FE1F89A270CA47200DEFFA4 /* Debug */ = {
			isa = XCBuildConfiguration;
			buildSettings = {
				ALWAYS_EMBED_SWIFT_STANDARD_LIBRARIES = YES;
				BUNDLE_LOADER = "$(TEST_HOST)";
				CODE_SIGN_STYLE = Automatic;
				DEVELOPMENT_TEAM = ZLX2F6YDPC;
				INFOPLIST_FILE = "Word PlayTests/Info.plist";
				IPHONEOS_DEPLOYMENT_TARGET = 14.0;
				LD_RUNPATH_SEARCH_PATHS = (
					"$(inherited)",
					"@executable_path/Frameworks",
					"@loader_path/Frameworks",
				);
				PRODUCT_BUNDLE_IDENTIFIER = "SnowShow.Word-PlayTests";
				PRODUCT_NAME = "$(TARGET_NAME)";
				SWIFT_VERSION = 5.0;
				TARGETED_DEVICE_FAMILY = "1,2";
				TEST_HOST = "$(BUILT_PRODUCTS_DIR)/Word Play.app/Word Play";
			};
			name = Debug;
		};
		3FE1F89B270CA47200DEFFA4 /* Release */ = {
			isa = XCBuildConfiguration;
			buildSettings = {
				ALWAYS_EMBED_SWIFT_STANDARD_LIBRARIES = YES;
				BUNDLE_LOADER = "$(TEST_HOST)";
				CODE_SIGN_STYLE = Automatic;
				DEVELOPMENT_TEAM = ZLX2F6YDPC;
				INFOPLIST_FILE = "Word PlayTests/Info.plist";
				IPHONEOS_DEPLOYMENT_TARGET = 14.0;
				LD_RUNPATH_SEARCH_PATHS = (
					"$(inherited)",
					"@executable_path/Frameworks",
					"@loader_path/Frameworks",
				);
				PRODUCT_BUNDLE_IDENTIFIER = "SnowShow.Word-PlayTests";
				PRODUCT_NAME = "$(TARGET_NAME)";
				SWIFT_VERSION = 5.0;
				TARGETED_DEVICE_FAMILY = "1,2";
				TEST_HOST = "$(BUILT_PRODUCTS_DIR)/Word Play.app/Word Play";
			};
			name = Release;
		};
		3FE1F89D270CA47200DEFFA4 /* Debug */ = {
			isa = XCBuildConfiguration;
			buildSettings = {
				ALWAYS_EMBED_SWIFT_STANDARD_LIBRARIES = YES;
				CODE_SIGN_STYLE = Automatic;
				DEVELOPMENT_TEAM = ZLX2F6YDPC;
				INFOPLIST_FILE = "Word PlayUITests/Info.plist";
				LD_RUNPATH_SEARCH_PATHS = (
					"$(inherited)",
					"@executable_path/Frameworks",
					"@loader_path/Frameworks",
				);
				PRODUCT_BUNDLE_IDENTIFIER = "SnowShow.Word-PlayUITests";
				PRODUCT_NAME = "$(TARGET_NAME)";
				SWIFT_VERSION = 5.0;
				TARGETED_DEVICE_FAMILY = "1,2";
				TEST_TARGET_NAME = "Word Play";
			};
			name = Debug;
		};
		3FE1F89E270CA47200DEFFA4 /* Release */ = {
			isa = XCBuildConfiguration;
			buildSettings = {
				ALWAYS_EMBED_SWIFT_STANDARD_LIBRARIES = YES;
				CODE_SIGN_STYLE = Automatic;
				DEVELOPMENT_TEAM = ZLX2F6YDPC;
				INFOPLIST_FILE = "Word PlayUITests/Info.plist";
				LD_RUNPATH_SEARCH_PATHS = (
					"$(inherited)",
					"@executable_path/Frameworks",
					"@loader_path/Frameworks",
				);
				PRODUCT_BUNDLE_IDENTIFIER = "SnowShow.Word-PlayUITests";
				PRODUCT_NAME = "$(TARGET_NAME)";
				SWIFT_VERSION = 5.0;
				TARGETED_DEVICE_FAMILY = "1,2";
				TEST_TARGET_NAME = "Word Play";
			};
			name = Release;
		};
/* End XCBuildConfiguration section */

/* Begin XCConfigurationList section */
		3FE1F86C270CA46500DEFFA4 /* Build configuration list for PBXProject "Word Play" */ = {
			isa = XCConfigurationList;
			buildConfigurations = (
				3FE1F894270CA47200DEFFA4 /* Debug */,
				3FE1F895270CA47200DEFFA4 /* Release */,
			);
			defaultConfigurationIsVisible = 0;
			defaultConfigurationName = Release;
		};
		3FE1F896270CA47200DEFFA4 /* Build configuration list for PBXNativeTarget "Word Play" */ = {
			isa = XCConfigurationList;
			buildConfigurations = (
				3FE1F897270CA47200DEFFA4 /* Debug */,
				3FE1F898270CA47200DEFFA4 /* Release */,
			);
			defaultConfigurationIsVisible = 0;
			defaultConfigurationName = Release;
		};
		3FE1F899270CA47200DEFFA4 /* Build configuration list for PBXNativeTarget "Word PlayTests" */ = {
			isa = XCConfigurationList;
			buildConfigurations = (
				3FE1F89A270CA47200DEFFA4 /* Debug */,
				3FE1F89B270CA47200DEFFA4 /* Release */,
			);
			defaultConfigurationIsVisible = 0;
			defaultConfigurationName = Release;
		};
		3FE1F89C270CA47200DEFFA4 /* Build configuration list for PBXNativeTarget "Word PlayUITests" */ = {
			isa = XCConfigurationList;
			buildConfigurations = (
				3FE1F89D270CA47200DEFFA4 /* Debug */,
				3FE1F89E270CA47200DEFFA4 /* Release */,
			);
			defaultConfigurationIsVisible = 0;
			defaultConfigurationName = Release;
		};
/* End XCConfigurationList section */
	};
	rootObject = 3FE1F869270CA46500DEFFA4 /* Project object */;
}
